# This file is generated by running "yarn install" inside your project.
# Manual changes might be lost - proceed with caution!

__metadata:
  version: 4
  cacheKey: 7

"@prettier/plugin-xml@npm:^0.13.1":
  version: 0.13.1
  resolution: "@prettier/plugin-xml@npm:0.13.1"
  dependencies:
    "@xml-tools/parser": ^1.0.2
    prettier: ">=1.10"
  checksum: ace6ff40b14e5e9a2518681013f59a2d3fb559d6aa6d00af84c483e4a2a722eb44e1a5da14b4939c5ba094641a7406fc37a3ac836caee177724045f567b1b8b3
  languageName: node
  linkType: hard

"@xml-tools/parser@npm:^1.0.2":
  version: 1.0.11
  resolution: "@xml-tools/parser@npm:1.0.11"
  dependencies:
    chevrotain: 7.1.1
  checksum: 374a43489c9c61520830ee1fae737375594801f1da0d4d1b17bef13ef8e1b688842d98bba2b4222622c175f4365ae24deab83ba460e719fd240de700b7f488bb
  languageName: node
  linkType: hard

"backend@workspace:.":
  version: 0.0.0-use.local
  resolution: "backend@workspace:."
  dependencies:
    "@prettier/plugin-xml": ^0.13.1
    prettier: ^2.3.2
    prettier-plugin-java: ^1.3.0
    prettier-plugin-properties: ^0.1.0
  languageName: unknown
  linkType: soft

"chevrotain@npm:6.5.0":
  version: 6.5.0
  resolution: "chevrotain@npm:6.5.0"
  dependencies:
    regexp-to-ast: 0.4.0
  checksum: f8473ac9c12f645548bc92829d4f27e9ce1eb0071d514f8a6da88f5c9fe6f4eab8d9a1e43072ac85f78012573a2165a700be2d4e2c084b30fba6a4cdb6e90dbc
  languageName: node
  linkType: hard

"chevrotain@npm:7.1.1":
  version: 7.1.1
  resolution: "chevrotain@npm:7.1.1"
  dependencies:
    regexp-to-ast: 0.5.0
  checksum: b942de3ed9d02d51e84ced5d873c1477e58acf46214aab2b86d1eeee81d9406ee4d87de9dc30240e3390543d7f978fe4f2befbd3ad3de993be291256137d1aee
  languageName: node
  linkType: hard

"dot-properties@npm:^1.0.0":
  version: 1.0.1
  resolution: "dot-properties@npm:1.0.1"
  checksum: aeeda3a89c63234d3d85f3ef3cdd41c567be87678d6ac82036888e8b67095d30a57d1937b88b009bc1bdd112be2d2729503bc33e2ab42f47ad2a16b6fb97aedd
  languageName: node
  linkType: hard

"java-parser@npm:1.2.0":
  version: 1.2.0
  resolution: "java-parser@npm:1.2.0"
  dependencies:
    chevrotain: 6.5.0
    lodash: 4.17.21
  checksum: 934624d586042a49e9e3a77eb61116d1666e69da43bf0368b3f221d1755ecab3c62da94397400832c99438ac5653bebcb91f4a46be16ec314027dd5dd800d8e0
  languageName: node
  linkType: hard

"linguist-languages@npm:^7.9.0":
  version: 7.15.0
  resolution: "linguist-languages@npm:7.15.0"
  checksum: 0c55187e4c9d64cc2341e8180d66110c9cad0149393da3063dd304a4df54e749b782302cbb63f8db28d01e5834b7ac091d2a81909562ad3d4ec07d506467fc8a
  languageName: node
  linkType: hard

"lodash@npm:4.17.21":
  version: 4.17.21
  resolution: "lodash@npm:4.17.21"
  checksum: 4983720b9abca930a4a46f18db163d7dad8dd00dbed6db0cc7b499b33b717cce69f80928b27bbb1ff2cbd3b19d251ee90669a8b5ea466072ca81c2ebe91e7468
  languageName: node
  linkType: hard

"prettier-plugin-java@npm:^1.3.0":
  version: 1.3.0
  resolution: "prettier-plugin-java@npm:1.3.0"
  dependencies:
    java-parser: 1.2.0
    lodash: 4.17.21
    prettier: 2.3.1
  checksum: 5fe4f6d559739ad9f74ae282af4cc8644c1227ab9774870da8f8b27aa14ede8ee48c651bc7b5d444eddf382330e5bc23efd1e65ed8ee726ca6d954750000b478
  languageName: node
  linkType: hard

"prettier-plugin-properties@npm:^0.1.0":
  version: 0.1.0
  resolution: "prettier-plugin-properties@npm:0.1.0"
  dependencies:
    dot-properties: ^1.0.0
    linguist-languages: ^7.9.0
  peerDependencies:
    prettier: ">=1.11.0"
  checksum: d97c93bb764532364e3a43b9d975a26bb8685bfc5f0253d5cce676d63a60c5014b04b791fc793bba9a2fc80ed711963db977b21292dda9c0d095b9906116f2cb
  languageName: node
  linkType: hard

"prettier@npm:2.3.1":
  version: 2.3.1
  resolution: "prettier@npm:2.3.1"
  bin:
    prettier: bin-prettier.js
  checksum: 9b4a695b87ce5f510fc20feec01cce7371f0fa0b92ffe79d543f6be52e2004c532861629de4d7ab1c577e1f649dce3cfccd62cb2ca6526b1da8d9c63eb84bf36
  languageName: node
  linkType: hard

"prettier@npm:>=1.10, prettier@npm:^2.3.2":
  version: 2.3.2
  resolution: "prettier@npm:2.3.2"
  bin:
    prettier: bin-prettier.js
  checksum: 4fd89a7f6a12b13456d359fba2b1dd0fc0a17cf33f8f15953ab9f43b21ea9b09b5a2861d63b558ca0577274ce606d390e70628cf93e26d19d6cb7f19c9eebc31
  languageName: node
  linkType: hard

"regexp-to-ast@npm:0.4.0":
  version: 0.4.0
  resolution: "regexp-to-ast@npm:0.4.0"
  checksum: 93047971451f70fb24836cc5175fa738f484a2b077b409eb29141bc2d20ff6c25f8724c21432e91f1d3b112372c354ade709b5ce2bc29c1d2e52e879f198b49c
  languageName: node
  linkType: hard

"regexp-to-ast@npm:0.5.0":
  version: 0.5.0
  resolution: "regexp-to-ast@npm:0.5.0"
  checksum: 48c7c8dc0f5017ae232d4d7f626ec9a2033c649d7146284d8d74cae9b6e552b142bb215e589581dc860b8642b4e402d4952baa2a36a8911b73ed2521f667c452
  languageName: node
  linkType: hard
