# This is a Gradle generated file for dependency locking.
# Manual edits can break the build and are not advised.
# This file is expected to be part of source control.
antlr:antlr:2.7.7=checkstyle
ch.qos.logback:logback-classic:1.2.3=compileClasspath,testCompileClasspath
ch.qos.logback:logback-core:1.2.3=compileClasspath,testCompileClasspath
com.fasterxml.jackson.core:jackson-annotations:2.12.3=compileClasspath,productionRuntimeClasspath,runtimeClasspath,testCompileClasspath,testFixturesRuntimeClasspath,testRuntimeClasspath
com.fasterxml.jackson.core:jackson-core:2.12.3=compileClasspath,productionRuntimeClasspath,runtimeClasspath,testCompileClasspath,testFixturesRuntimeClasspath,testRuntimeClasspath
com.fasterxml.jackson.core:jackson-databind:2.12.3=compileClasspath,productionRuntimeClasspath,runtimeClasspath,testCompileClasspath,testFixturesRuntimeClasspath,testRuntimeClasspath
com.fasterxml.jackson.datatype:jackson-datatype-jdk8:2.12.3=compileClasspath,productionRuntimeClasspath,runtimeClasspath,testCompileClasspath,testFixturesRuntimeClasspath,testRuntimeClasspath
com.fasterxml.jackson.datatype:jackson-datatype-jsr310:2.12.3=compileClasspath,productionRuntimeClasspath,runtimeClasspath,testCompileClasspath,testFixturesRuntimeClasspath,testRuntimeClasspath
com.fasterxml.jackson.module:jackson-module-parameter-names:2.12.3=compileClasspath,productionRuntimeClasspath,runtimeClasspath,testCompileClasspath,testFixturesRuntimeClasspath,testRuntimeClasspath
com.fasterxml.jackson:jackson-bom:2.12.3=compileClasspath,productionRuntimeClasspath,runtimeClasspath,testCompileClasspath,testFixturesRuntimeClasspath,testRuntimeClasspath
com.github.ben-manes.caffeine:caffeine:2.8.8=annotationProcessor,errorprone,testAnnotationProcessor,testFixturesAnnotationProcessor
com.github.kevinstern:software-and-algorithms:1.0=annotationProcessor,errorprone,testAnnotationProcessor,testFixturesAnnotationProcessor
com.github.spotbugs:spotbugs-annotations:4.3.0=spotbugs
com.github.spotbugs:spotbugs:4.3.0=spotbugs
com.github.stephenc.jcip:jcip-annotations:1.0-1=productionRuntimeClasspath,runtimeClasspath,testFixturesRuntimeClasspath,testRuntimeClasspath
com.google.auto.service:auto-service-annotations:1.0-rc6=annotationProcessor,errorprone,testAnnotationProcessor,testFixturesAnnotationProcessor
com.google.auto.value:auto-value-annotations:1.7=annotationProcessor,errorprone,testAnnotationProcessor,testFixturesAnnotationProcessor
com.google.auto:auto-common:0.10=annotationProcessor,errorprone,testAnnotationProcessor,testFixturesAnnotationProcessor
com.google.code.findbugs:jFormatString:3.0.0=annotationProcessor,errorprone,testAnnotationProcessor,testFixturesAnnotationProcessor
com.google.code.findbugs:jsr305:3.0.2=annotationProcessor,checkstyle,errorprone,spotbugs,testAnnotationProcessor,testFixturesAnnotationProcessor
com.google.code.gson:gson:2.8.7=spotbugs
com.google.errorprone:error_prone_annotation:2.7.1=annotationProcessor,errorprone,testAnnotationProcessor,testFixturesAnnotationProcessor
com.google.errorprone:error_prone_annotations:2.3.4=checkstyle
com.google.errorprone:error_prone_annotations:2.7.1=annotationProcessor,compileClasspath,errorprone,testAnnotationProcessor,testCompileClasspath,testFixturesAnnotationProcessor,testFixturesCompileClasspath
com.google.errorprone:error_prone_check_api:2.7.1=annotationProcessor,errorprone,testAnnotationProcessor,testFixturesAnnotationProcessor
com.google.errorprone:error_prone_core:2.7.1=annotationProcessor,errorprone,testAnnotationProcessor,testFixturesAnnotationProcessor
com.google.errorprone:error_prone_type_annotations:2.7.1=annotationProcessor,errorprone,testAnnotationProcessor,testFixturesAnnotationProcessor
com.google.errorprone:javac:9+181-r4173-1=errorProneJavac
com.google.guava:failureaccess:1.0.1=annotationProcessor,checkstyle,errorprone,testAnnotationProcessor,testFixturesAnnotationProcessor
com.google.guava:guava:29.0-jre=checkstyle
com.google.guava:guava:30.1-jre=annotationProcessor,errorprone,testAnnotationProcessor,testFixturesAnnotationProcessor
com.google.guava:listenablefuture:9999.0-empty-to-avoid-conflict-with-guava=annotationProcessor,checkstyle,errorprone,testAnnotationProcessor,testFixturesAnnotationProcessor
com.google.j2objc:j2objc-annotations:1.3=annotationProcessor,checkstyle,errorprone,testAnnotationProcessor,testFixturesAnnotationProcessor
com.google.protobuf:protobuf-java:3.4.0=annotationProcessor,errorprone,testAnnotationProcessor,testFixturesAnnotationProcessor
com.nimbusds:content-type:2.1=productionRuntimeClasspath,runtimeClasspath,testFixturesRuntimeClasspath,testRuntimeClasspath
com.nimbusds:lang-tag:1.5=productionRuntimeClasspath,runtimeClasspath,testFixturesRuntimeClasspath,testRuntimeClasspath
com.nimbusds:nimbus-jose-jwt:9.10=productionRuntimeClasspath,runtimeClasspath,testFixturesRuntimeClasspath,testRuntimeClasspath
com.nimbusds:oauth2-oidc-sdk:9.9=productionRuntimeClasspath,runtimeClasspath,testFixturesRuntimeClasspath,testRuntimeClasspath
com.puppycrawl.tools:checkstyle:8.37=checkstyle
com.sun.activation:jakarta.activation:1.2.2=productionRuntimeClasspath,runtimeClasspath,testFixturesRuntimeClasspath,testRuntimeClasspath
com.sun.mail:jakarta.mail:1.6.7=productionRuntimeClasspath,runtimeClasspath,testFixturesRuntimeClasspath,testRuntimeClasspath
com.uber.nullaway:nullaway:0.9.1=annotationProcessor,errorprone,testAnnotationProcessor,testFixturesAnnotationProcessor
commons-beanutils:commons-beanutils:1.9.4=checkstyle
commons-collections:commons-collections:3.2.2=checkstyle
info.picocli:picocli:4.5.2=checkstyle
io.github.java-diff-utils:java-diff-utils:4.0=annotationProcessor,errorprone,testAnnotationProcessor,testFixturesAnnotationProcessor
io.micrometer:micrometer-core:1.7.1=productionRuntimeClasspath,runtimeClasspath,testFixturesRuntimeClasspath,testRuntimeClasspath
io.netty:netty-buffer:4.1.65.Final=testCompileClasspath,testRuntimeClasspath
io.netty:netty-codec-dns:4.1.65.Final=testCompileClasspath,testRuntimeClasspath
io.netty:netty-codec-http2:4.1.65.Final=testCompileClasspath,testRuntimeClasspath
io.netty:netty-codec-http:4.1.65.Final=testCompileClasspath,testRuntimeClasspath
io.netty:netty-codec-socks:4.1.65.Final=testCompileClasspath,testRuntimeClasspath
io.netty:netty-codec:4.1.65.Final=testCompileClasspath,testRuntimeClasspath
io.netty:netty-common:4.1.65.Final=testCompileClasspath,testRuntimeClasspath
io.netty:netty-handler-proxy:4.1.65.Final=testCompileClasspath,testRuntimeClasspath
io.netty:netty-handler:4.1.65.Final=testCompileClasspath,testRuntimeClasspath
io.netty:netty-resolver-dns-native-macos:4.1.65.Final=testCompileClasspath,testRuntimeClasspath
io.netty:netty-resolver-dns:4.1.65.Final=testCompileClasspath,testRuntimeClasspath
io.netty:netty-resolver:4.1.65.Final=testCompileClasspath,testRuntimeClasspath
io.netty:netty-transport-native-epoll:4.1.65.Final=testCompileClasspath,testRuntimeClasspath
io.netty:netty-transport-native-unix-common:4.1.65.Final=testCompileClasspath,testRuntimeClasspath
io.netty:netty-transport:4.1.65.Final=testCompileClasspath,testRuntimeClasspath
io.projectreactor.netty:reactor-netty-core:1.0.8=testCompileClasspath,testRuntimeClasspath
io.projectreactor.netty:reactor-netty-http:1.0.8=testCompileClasspath,testRuntimeClasspath
io.projectreactor:reactor-core:3.4.7=testCompileClasspath,testRuntimeClasspath
jakarta.annotation:jakarta.annotation-api:1.3.5=compileClasspath,productionRuntimeClasspath,runtimeClasspath,testCompileClasspath,testFixturesRuntimeClasspath,testRuntimeClasspath
jaxen:jaxen:1.2.0=spotbugs
net.jcip:jcip-annotations:1.0=spotbugs
net.minidev:accessors-smart:2.4.7=productionRuntimeClasspath,runtimeClasspath,testFixturesRuntimeClasspath,testRuntimeClasspath
net.minidev:json-smart:2.4.7=productionRuntimeClasspath,runtimeClasspath,testFixturesRuntimeClasspath,testRuntimeClasspath
net.sf.saxon:Saxon-HE:10.3=checkstyle
net.sf.saxon:Saxon-HE:10.5=spotbugs
org.antlr:antlr4-runtime:4.8-1=checkstyle
org.apache.bcel:bcel:6.5.0=spotbugs
org.apache.commons:commons-lang3:3.12.0=spotbugs
org.apache.commons:commons-text:1.9=spotbugs
org.apache.logging.log4j:log4j-api:2.14.1=compileClasspath,productionRuntimeClasspath,runtimeClasspath,testCompileClasspath,testFixturesRuntimeClasspath,testRuntimeClasspath
org.apache.logging.log4j:log4j-core:2.14.1=productionRuntimeClasspath,runtimeClasspath,testFixturesRuntimeClasspath,testRuntimeClasspath
org.apache.logging.log4j:log4j-jul:2.14.1=productionRuntimeClasspath,runtimeClasspath,testFixturesRuntimeClasspath,testRuntimeClasspath
org.apache.logging.log4j:log4j-slf4j-impl:2.14.1=productionRuntimeClasspath,runtimeClasspath,testFixturesRuntimeClasspath,testRuntimeClasspath
org.apache.logging.log4j:log4j-to-slf4j:2.14.1=compileClasspath,testCompileClasspath
org.apache.tomcat.embed:tomcat-embed-core:9.0.48=compileClasspath,productionRuntimeClasspath,runtimeClasspath,testCompileClasspath,testFixturesRuntimeClasspath,testRuntimeClasspath
org.apache.tomcat.embed:tomcat-embed-el:9.0.48=compileClasspath,productionRuntimeClasspath,runtimeClasspath,testCompileClasspath,testFixturesRuntimeClasspath,testRuntimeClasspath
org.apache.tomcat.embed:tomcat-embed-websocket:9.0.48=compileClasspath,productionRuntimeClasspath,runtimeClasspath,testCompileClasspath,testFixturesRuntimeClasspath,testRuntimeClasspath
org.apiguardian:apiguardian-api:1.1.0=testCompileClasspath,testRuntimeClasspath
org.assertj:assertj-core:3.19.0=testCompileClasspath,testRuntimeClasspath
org.checkerframework:checker-qual:2.11.1=checkstyle
org.checkerframework:checker-qual:3.15.0=checkerFramework,compileClasspath,testCompileClasspath,testFixturesCompileClasspath
org.checkerframework:checker-qual:3.8.0=annotationProcessor,errorprone,testAnnotationProcessor,testFixturesAnnotationProcessor
org.checkerframework:checker-util:3.15.0=checkerFramework
org.checkerframework:checker:3.15.0=checkerFramework
org.checkerframework:dataflow-shaded:3.11.0=annotationProcessor,errorprone,testAnnotationProcessor,testFixturesAnnotationProcessor
org.checkerframework:dataflow:3.6.0=annotationProcessor,errorprone,testAnnotationProcessor,testFixturesAnnotationProcessor
org.checkerframework:javacutil:3.6.0=annotationProcessor,errorprone,testAnnotationProcessor,testFixturesAnnotationProcessor
org.dom4j:dom4j:2.1.3=spotbugs
org.eclipse.jgit:org.eclipse.jgit:4.4.1.201607150455-r=annotationProcessor,errorprone,testAnnotationProcessor,testFixturesAnnotationProcessor
org.hdrhistogram:HdrHistogram:2.1.12=productionRuntimeClasspath,runtimeClasspath,testFixturesRuntimeClasspath,testRuntimeClasspath
org.javassist:javassist:3.26.0-GA=checkstyle
org.junit.jupiter:junit-jupiter-api:5.7.2=testCompileClasspath,testRuntimeClasspath
org.junit.jupiter:junit-jupiter-engine:5.7.2=testRuntimeClasspath
org.junit.jupiter:junit-jupiter-params:5.7.2=testCompileClasspath,testRuntimeClasspath
org.junit.platform:junit-platform-commons:1.7.2=testCompileClasspath,testRuntimeClasspath
org.junit.platform:junit-platform-engine:1.7.2=testRuntimeClasspath
org.junit:junit-bom:5.7.2=spotbugs,testCompileClasspath,testRuntimeClasspath
org.latencyutils:LatencyUtils:2.0.3=productionRuntimeClasspath,runtimeClasspath,testFixturesRuntimeClasspath,testRuntimeClasspath
org.opentest4j:opentest4j:1.2.0=testCompileClasspath,testRuntimeClasspath
org.ow2.asm:asm-analysis:9.2=spotbugs
org.ow2.asm:asm-commons:9.2=spotbugs
org.ow2.asm:asm-tree:9.2=spotbugs
org.ow2.asm:asm-util:9.2=spotbugs
org.ow2.asm:asm:9.1=productionRuntimeClasspath,runtimeClasspath,testFixturesRuntimeClasspath,testRuntimeClasspath
org.ow2.asm:asm:9.2=spotbugs
org.pcollections:pcollections:2.1.2=annotationProcessor,errorprone,testAnnotationProcessor,testFixturesAnnotationProcessor
org.plumelib:plume-util:1.1.4=annotationProcessor,errorprone,testAnnotationProcessor,testFixturesAnnotationProcessor
org.plumelib:reflection-util:0.2.2=annotationProcessor,errorprone,testAnnotationProcessor,testFixturesAnnotationProcessor
org.reactivestreams:reactive-streams:1.0.3=testCompileClasspath,testRuntimeClasspath
org.reflections:reflections:0.9.12=checkstyle
org.slf4j:jul-to-slf4j:1.7.31=compileClasspath,productionRuntimeClasspath,runtimeClasspath,testCompileClasspath,testFixturesRuntimeClasspath,testRuntimeClasspath
org.slf4j:slf4j-api:1.7.31=compileClasspath,productionRuntimeClasspath,runtimeClasspath,testCompileClasspath,testFixturesRuntimeClasspath,testRuntimeClasspath
org.slf4j:slf4j-api:1.8.0-beta4=spotbugs,spotbugsSlf4j
org.slf4j:slf4j-simple:1.8.0-beta4=spotbugsSlf4j
org.springframework.boot:spring-boot-actuator-autoconfigure:2.5.2=productionRuntimeClasspath,runtimeClasspath,testFixturesRuntimeClasspath,testRuntimeClasspath
org.springframework.boot:spring-boot-actuator:2.5.2=productionRuntimeClasspath,runtimeClasspath,testFixturesRuntimeClasspath,testRuntimeClasspath
org.springframework.boot:spring-boot-autoconfigure:2.5.2=compileClasspath,developmentOnly,productionRuntimeClasspath,runtimeClasspath,testCompileClasspath,testFixturesRuntimeClasspath,testRuntimeClasspath
org.springframework.boot:spring-boot-devtools:2.5.2=developmentOnly,runtimeClasspath
org.springframework.boot:spring-boot-starter-actuator:2.5.2=productionRuntimeClasspath,runtimeClasspath,testFixturesRuntimeClasspath,testRuntimeClasspath
org.springframework.boot:spring-boot-starter-json:2.5.2=compileClasspath,productionRuntimeClasspath,runtimeClasspath,testCompileClasspath,testFixturesRuntimeClasspath,testRuntimeClasspath
org.springframework.boot:spring-boot-starter-log4j2:2.5.2=productionRuntimeClasspath,runtimeClasspath,testFixturesRuntimeClasspath,testRuntimeClasspath
org.springframework.boot:spring-boot-starter-logging:2.5.2=compileClasspath,testCompileClasspath
org.springframework.boot:spring-boot-starter-oauth2-client:2.5.2=productionRuntimeClasspath,runtimeClasspath,testFixturesRuntimeClasspath,testRuntimeClasspath
org.springframework.boot:spring-boot-starter-parent:2.5.2=compileClasspath,developmentOnly,productionRuntimeClasspath,runtimeClasspath,testCompileClasspath,testFixturesCompileClasspath,testFixturesRuntimeClasspath,testRuntimeClasspath
org.springframework.boot:spring-boot-starter-reactor-netty:2.5.2=testCompileClasspath,testRuntimeClasspath
org.springframework.boot:spring-boot-starter-security:2.5.2=productionRuntimeClasspath,runtimeClasspath,testFixturesRuntimeClasspath,testRuntimeClasspath
org.springframework.boot:spring-boot-starter-tomcat:2.5.2=compileClasspath,productionRuntimeClasspath,runtimeClasspath,testCompileClasspath,testFixturesRuntimeClasspath,testRuntimeClasspath
org.springframework.boot:spring-boot-starter-web:2.5.2=compileClasspath,productionRuntimeClasspath,runtimeClasspath,testCompileClasspath,testFixturesRuntimeClasspath,testRuntimeClasspath
org.springframework.boot:spring-boot-starter-webflux:2.5.2=testCompileClasspath,testRuntimeClasspath
org.springframework.boot:spring-boot-starter:2.5.2=compileClasspath,productionRuntimeClasspath,runtimeClasspath,testCompileClasspath,testFixturesRuntimeClasspath,testRuntimeClasspath
org.springframework.boot:spring-boot-test-autoconfigure:2.5.2=testCompileClasspath,testRuntimeClasspath
org.springframework.boot:spring-boot-test:2.5.2=testCompileClasspath,testRuntimeClasspath
org.springframework.boot:spring-boot:2.5.2=compileClasspath,developmentOnly,productionRuntimeClasspath,runtimeClasspath,testCompileClasspath,testFixturesRuntimeClasspath,testRuntimeClasspath
org.springframework.security:spring-security-config:5.5.1=productionRuntimeClasspath,runtimeClasspath,testFixturesRuntimeClasspath,testRuntimeClasspath
org.springframework.security:spring-security-core:5.5.1=productionRuntimeClasspath,runtimeClasspath,testFixturesRuntimeClasspath,testRuntimeClasspath
org.springframework.security:spring-security-crypto:5.5.1=productionRuntimeClasspath,runtimeClasspath,testFixturesRuntimeClasspath,testRuntimeClasspath
org.springframework.security:spring-security-oauth2-client:5.5.1=productionRuntimeClasspath,runtimeClasspath,testFixturesRuntimeClasspath,testRuntimeClasspath
org.springframework.security:spring-security-oauth2-core:5.5.1=productionRuntimeClasspath,runtimeClasspath,testFixturesRuntimeClasspath,testRuntimeClasspath
org.springframework.security:spring-security-oauth2-jose:5.5.1=productionRuntimeClasspath,runtimeClasspath,testFixturesRuntimeClasspath,testRuntimeClasspath
org.springframework.security:spring-security-web:5.5.1=productionRuntimeClasspath,runtimeClasspath,testFixturesRuntimeClasspath,testRuntimeClasspath
org.springframework:spring-aop:5.3.8=compileClasspath,developmentOnly,productionRuntimeClasspath,runtimeClasspath,testCompileClasspath,testFixturesRuntimeClasspath,testRuntimeClasspath
org.springframework:spring-beans:5.3.8=compileClasspath,developmentOnly,productionRuntimeClasspath,runtimeClasspath,testCompileClasspath,testFixturesRuntimeClasspath,testRuntimeClasspath
org.springframework:spring-context:5.3.8=compileClasspath,developmentOnly,productionRuntimeClasspath,runtimeClasspath,testCompileClasspath,testFixturesRuntimeClasspath,testRuntimeClasspath
org.springframework:spring-core:5.3.8=compileClasspath,developmentOnly,productionRuntimeClasspath,runtimeClasspath,testCompileClasspath,testFixturesRuntimeClasspath,testRuntimeClasspath
org.springframework:spring-expression:5.3.8=compileClasspath,developmentOnly,productionRuntimeClasspath,runtimeClasspath,testCompileClasspath,testFixturesRuntimeClasspath,testRuntimeClasspath
org.springframework:spring-jcl:5.3.8=compileClasspath,developmentOnly,productionRuntimeClasspath,runtimeClasspath,testCompileClasspath,testFixturesRuntimeClasspath,testRuntimeClasspath
org.springframework:spring-test:5.3.8=testCompileClasspath,testRuntimeClasspath
org.springframework:spring-web:5.3.8=compileClasspath,productionRuntimeClasspath,runtimeClasspath,testCompileClasspath,testFixturesRuntimeClasspath,testRuntimeClasspath
org.springframework:spring-webflux:5.3.8=testCompileClasspath,testRuntimeClasspath
org.springframework:spring-webmvc:5.3.8=compileClasspath,productionRuntimeClasspath,runtimeClasspath,testCompileClasspath,testFixturesRuntimeClasspath,testRuntimeClasspath
org.yaml:snakeyaml:1.28=compileClasspath,productionRuntimeClasspath,runtimeClasspath,testCompileClasspath,testFixturesRuntimeClasspath,testRuntimeClasspath
empty=errorproneJavac,spotbugsPlugins
