# This is a Gradle generated file for dependency locking.
# Manual edits can break the build and are not advised.
# This file is expected to be part of source control.
antlr:antlr:2.7.7=checkstyle
ch.qos.logback:logback-classic:1.2.9=testCompileClasspath
ch.qos.logback:logback-core:1.2.9=testCompileClasspath
com.fasterxml.jackson.core:jackson-annotations:2.13.1=runtimeClasspath,testCompileClasspath,testFixturesRuntimeClasspath,testRuntimeClasspath
com.fasterxml.jackson.core:jackson-core:2.13.1=runtimeClasspath,testCompileClasspath,testFixturesRuntimeClasspath,testRuntimeClasspath
com.fasterxml.jackson.core:jackson-databind:2.13.1=runtimeClasspath,testCompileClasspath,testFixturesRuntimeClasspath,testRuntimeClasspath
com.fasterxml.jackson.datatype:jackson-datatype-jdk8:2.13.1=runtimeClasspath,testCompileClasspath,testFixturesRuntimeClasspath,testRuntimeClasspath
com.fasterxml.jackson.datatype:jackson-datatype-jsr310:2.13.1=runtimeClasspath,testCompileClasspath,testFixturesRuntimeClasspath,testRuntimeClasspath
com.fasterxml.jackson.module:jackson-module-parameter-names:2.13.1=runtimeClasspath,testCompileClasspath,testFixturesRuntimeClasspath,testRuntimeClasspath
com.fasterxml.jackson:jackson-bom:2.13.1=runtimeClasspath,testCompileClasspath,testFixturesRuntimeClasspath,testRuntimeClasspath
com.github.ben-manes.caffeine:caffeine:2.8.8=annotationProcessor,errorprone,testAnnotationProcessor,testFixturesAnnotationProcessor
com.github.kevinstern:software-and-algorithms:1.0=annotationProcessor,errorprone,testAnnotationProcessor,testFixturesAnnotationProcessor
com.github.spotbugs:spotbugs-annotations:4.3.0=spotbugs
com.github.spotbugs:spotbugs:4.3.0=spotbugs
com.github.stephenc.jcip:jcip-annotations:1.0-1=runtimeClasspath,testFixturesRuntimeClasspath,testRuntimeClasspath
com.google.auto.service:auto-service-annotations:1.0-rc6=annotationProcessor,errorprone,testAnnotationProcessor,testFixturesAnnotationProcessor
com.google.auto.value:auto-value-annotations:1.7=annotationProcessor,errorprone,testAnnotationProcessor,testFixturesAnnotationProcessor
com.google.auto:auto-common:1.1.2=annotationProcessor,errorprone,testAnnotationProcessor,testFixturesAnnotationProcessor
com.google.code.findbugs:jFormatString:3.0.0=annotationProcessor,errorprone,testAnnotationProcessor,testFixturesAnnotationProcessor
com.google.code.findbugs:jsr305:3.0.2=annotationProcessor,checkstyle,errorprone,spotbugs,testAnnotationProcessor,testFixturesAnnotationProcessor
com.google.code.gson:gson:2.8.7=spotbugs
com.google.errorprone:error_prone_annotation:2.10.0=annotationProcessor,errorprone,testAnnotationProcessor,testFixturesAnnotationProcessor
com.google.errorprone:error_prone_annotations:2.10.0=annotationProcessor,compileClasspath,errorprone,testAnnotationProcessor,testCompileClasspath,testFixturesAnnotationProcessor,testFixturesCompileClasspath
com.google.errorprone:error_prone_annotations:2.5.1=checkstyle
com.google.errorprone:error_prone_check_api:2.10.0=annotationProcessor,errorprone,testAnnotationProcessor,testFixturesAnnotationProcessor
com.google.errorprone:error_prone_core:2.10.0=annotationProcessor,errorprone,testAnnotationProcessor,testFixturesAnnotationProcessor
com.google.errorprone:error_prone_type_annotations:2.10.0=annotationProcessor,errorprone,testAnnotationProcessor,testFixturesAnnotationProcessor
com.google.errorprone:javac:9+181-r4173-1=errorProneJavac
com.google.guava:failureaccess:1.0.1=annotationProcessor,checkstyle,errorprone,testAnnotationProcessor,testFixturesAnnotationProcessor
com.google.guava:guava:30.1.1-jre=annotationProcessor,checkstyle,errorprone,testAnnotationProcessor,testFixturesAnnotationProcessor
com.google.guava:listenablefuture:9999.0-empty-to-avoid-conflict-with-guava=annotationProcessor,checkstyle,errorprone,testAnnotationProcessor,testFixturesAnnotationProcessor
com.google.j2objc:j2objc-annotations:1.3=annotationProcessor,checkstyle,errorprone,testAnnotationProcessor,testFixturesAnnotationProcessor
com.google.protobuf:protobuf-java:3.4.0=annotationProcessor,errorprone,testAnnotationProcessor,testFixturesAnnotationProcessor
com.nimbusds:content-type:2.1=runtimeClasspath,testFixturesRuntimeClasspath,testRuntimeClasspath
com.nimbusds:lang-tag:1.5=runtimeClasspath,testFixturesRuntimeClasspath,testRuntimeClasspath
com.nimbusds:nimbus-jose-jwt:9.14=runtimeClasspath,testFixturesRuntimeClasspath,testRuntimeClasspath
com.nimbusds:oauth2-oidc-sdk:9.19=runtimeClasspath,testFixturesRuntimeClasspath,testRuntimeClasspath
com.puppycrawl.tools:checkstyle:8.45.1=checkstyle
com.uber.nullaway:nullaway:0.9.2=annotationProcessor,errorprone,testAnnotationProcessor,testFixturesAnnotationProcessor
commons-beanutils:commons-beanutils:1.9.4=checkstyle
commons-collections:commons-collections:3.2.2=checkstyle
info.picocli:picocli:4.6.1=checkstyle
io.github.java-diff-utils:java-diff-utils:4.0=annotationProcessor,errorprone,testAnnotationProcessor,testFixturesAnnotationProcessor
io.netty:netty-buffer:4.1.72.Final=testCompileClasspath,testRuntimeClasspath
io.netty:netty-codec-dns:4.1.72.Final=testCompileClasspath,testRuntimeClasspath
io.netty:netty-codec-http2:4.1.72.Final=testCompileClasspath,testRuntimeClasspath
io.netty:netty-codec-http:4.1.72.Final=testCompileClasspath,testRuntimeClasspath
io.netty:netty-codec-socks:4.1.72.Final=testCompileClasspath,testRuntimeClasspath
io.netty:netty-codec:4.1.72.Final=testCompileClasspath,testRuntimeClasspath
io.netty:netty-common:4.1.72.Final=testCompileClasspath,testRuntimeClasspath
io.netty:netty-handler-proxy:4.1.72.Final=testCompileClasspath,testRuntimeClasspath
io.netty:netty-handler:4.1.72.Final=testCompileClasspath,testRuntimeClasspath
io.netty:netty-resolver-dns-classes-macos:4.1.72.Final=testCompileClasspath,testRuntimeClasspath
io.netty:netty-resolver-dns-native-macos:4.1.72.Final=testCompileClasspath,testRuntimeClasspath
io.netty:netty-resolver-dns:4.1.72.Final=testCompileClasspath,testRuntimeClasspath
io.netty:netty-resolver:4.1.72.Final=testCompileClasspath,testRuntimeClasspath
io.netty:netty-tcnative-classes:2.0.46.Final=testCompileClasspath,testRuntimeClasspath
io.netty:netty-transport-classes-epoll:4.1.72.Final=testCompileClasspath,testRuntimeClasspath
io.netty:netty-transport-native-epoll:4.1.72.Final=testCompileClasspath,testRuntimeClasspath
io.netty:netty-transport-native-unix-common:4.1.72.Final=testCompileClasspath,testRuntimeClasspath
io.netty:netty-transport:4.1.72.Final=testCompileClasspath,testRuntimeClasspath
io.projectreactor.netty:reactor-netty-core:1.0.14=testCompileClasspath,testRuntimeClasspath
io.projectreactor.netty:reactor-netty-http:1.0.14=testCompileClasspath,testRuntimeClasspath
io.projectreactor:reactor-core:3.4.13=testCompileClasspath,testRuntimeClasspath
jakarta.annotation:jakarta.annotation-api:1.3.5=runtimeClasspath,testCompileClasspath,testFixturesRuntimeClasspath,testRuntimeClasspath
jaxen:jaxen:1.2.0=spotbugs
net.jcip:jcip-annotations:1.0=spotbugs
net.minidev:accessors-smart:2.4.7=runtimeClasspath,testFixturesRuntimeClasspath,testRuntimeClasspath
net.minidev:json-smart:2.4.7=runtimeClasspath,testFixturesRuntimeClasspath,testRuntimeClasspath
net.sf.saxon:Saxon-HE:10.5=checkstyle,spotbugs
org.antlr:antlr4-runtime:4.9.2=checkstyle
org.apache.bcel:bcel:6.5.0=spotbugs
org.apache.commons:commons-lang3:3.12.0=spotbugs
org.apache.commons:commons-text:1.9=spotbugs
org.apache.logging.log4j:log4j-api:2.17.0=compileClasspath,runtimeClasspath,testCompileClasspath,testFixturesRuntimeClasspath,testRuntimeClasspath
org.apache.logging.log4j:log4j-core:2.17.0=runtimeClasspath,testFixturesRuntimeClasspath,testRuntimeClasspath
org.apache.logging.log4j:log4j-jul:2.17.0=runtimeClasspath,testFixturesRuntimeClasspath,testRuntimeClasspath
org.apache.logging.log4j:log4j-slf4j-impl:2.17.0=runtimeClasspath,testFixturesRuntimeClasspath,testRuntimeClasspath
org.apache.logging.log4j:log4j-to-slf4j:2.17.0=testCompileClasspath
org.apache.tomcat.embed:tomcat-embed-core:9.0.56=runtimeClasspath,testCompileClasspath,testFixturesRuntimeClasspath,testRuntimeClasspath
org.apache.tomcat.embed:tomcat-embed-el:9.0.56=runtimeClasspath,testCompileClasspath,testFixturesRuntimeClasspath,testRuntimeClasspath
org.apache.tomcat.embed:tomcat-embed-websocket:9.0.56=runtimeClasspath,testCompileClasspath,testFixturesRuntimeClasspath,testRuntimeClasspath
org.apiguardian:apiguardian-api:1.1.2=testCompileClasspath
org.assertj:assertj-core:3.21.0=testCompileClasspath,testRuntimeClasspath
org.checkerframework:checker-qual:3.15.0=checkerFramework
org.checkerframework:checker-qual:3.21.1=compileClasspath,testCompileClasspath,testFixturesCompileClasspath
org.checkerframework:checker-qual:3.8.0=annotationProcessor,checkstyle,errorprone,testAnnotationProcessor,testFixturesAnnotationProcessor
org.checkerframework:checker-util:3.15.0=checkerFramework
org.checkerframework:checker:3.15.0=checkerFramework
org.checkerframework:dataflow-errorprone:3.15.0=annotationProcessor,errorprone,testAnnotationProcessor,testFixturesAnnotationProcessor
org.checkerframework:dataflow-nullaway:3.16.0=annotationProcessor,errorprone,testAnnotationProcessor,testFixturesAnnotationProcessor
org.dom4j:dom4j:2.1.3=spotbugs
org.eclipse.jgit:org.eclipse.jgit:4.4.1.201607150455-r=annotationProcessor,errorprone,testAnnotationProcessor,testFixturesAnnotationProcessor
org.javassist:javassist:3.26.0-GA=checkstyle
org.junit.jupiter:junit-jupiter-api:5.8.2=testCompileClasspath,testRuntimeClasspath
org.junit.jupiter:junit-jupiter-engine:5.8.2=testRuntimeClasspath
org.junit.jupiter:junit-jupiter-params:5.8.2=testCompileClasspath,testRuntimeClasspath
org.junit.platform:junit-platform-commons:1.8.2=testCompileClasspath,testRuntimeClasspath
org.junit.platform:junit-platform-engine:1.8.2=testRuntimeClasspath
org.junit:junit-bom:5.7.2=spotbugs
org.junit:junit-bom:5.8.2=testCompileClasspath,testRuntimeClasspath
org.opentest4j:opentest4j:1.2.0=testCompileClasspath,testRuntimeClasspath
org.ow2.asm:asm-analysis:9.2=spotbugs
org.ow2.asm:asm-commons:9.2=spotbugs
org.ow2.asm:asm-tree:9.2=spotbugs
org.ow2.asm:asm-util:9.2=spotbugs
org.ow2.asm:asm:9.1=runtimeClasspath,testFixturesRuntimeClasspath,testRuntimeClasspath
org.ow2.asm:asm:9.2=spotbugs
org.pcollections:pcollections:2.1.2=annotationProcessor,errorprone,testAnnotationProcessor,testFixturesAnnotationProcessor
org.reactivestreams:reactive-streams:1.0.3=testCompileClasspath,testRuntimeClasspath
org.reflections:reflections:0.9.12=checkstyle
org.slf4j:jul-to-slf4j:1.7.32=runtimeClasspath,testCompileClasspath,testFixturesRuntimeClasspath,testRuntimeClasspath
org.slf4j:slf4j-api:1.7.32=runtimeClasspath,testCompileClasspath,testFixturesRuntimeClasspath,testRuntimeClasspath
org.slf4j:slf4j-api:1.8.0-beta4=spotbugs,spotbugsSlf4j
org.slf4j:slf4j-simple:1.8.0-beta4=spotbugsSlf4j
org.springframework.boot:spring-boot-autoconfigure:2.6.2=runtimeClasspath,testCompileClasspath,testFixturesRuntimeClasspath,testRuntimeClasspath
org.springframework.boot:spring-boot-starter-json:2.6.2=runtimeClasspath,testCompileClasspath,testFixturesRuntimeClasspath,testRuntimeClasspath
org.springframework.boot:spring-boot-starter-log4j2:2.6.2=runtimeClasspath,testFixturesRuntimeClasspath,testRuntimeClasspath
org.springframework.boot:spring-boot-starter-logging:2.6.2=testCompileClasspath
org.springframework.boot:spring-boot-starter-oauth2-client:2.6.2=runtimeClasspath,testFixturesRuntimeClasspath,testRuntimeClasspath
org.springframework.boot:spring-boot-starter-parent:2.6.2=compileClasspath,runtimeClasspath,testCompileClasspath,testFixturesCompileClasspath,testFixturesRuntimeClasspath,testRuntimeClasspath
org.springframework.boot:spring-boot-starter-reactor-netty:2.6.2=testCompileClasspath,testRuntimeClasspath
org.springframework.boot:spring-boot-starter-security:2.6.2=runtimeClasspath,testFixturesRuntimeClasspath,testRuntimeClasspath
org.springframework.boot:spring-boot-starter-tomcat:2.6.2=runtimeClasspath,testCompileClasspath,testFixturesRuntimeClasspath,testRuntimeClasspath
org.springframework.boot:spring-boot-starter-web:2.6.2=runtimeClasspath,testCompileClasspath,testFixturesRuntimeClasspath,testRuntimeClasspath
org.springframework.boot:spring-boot-starter-webflux:2.6.2=testCompileClasspath,testRuntimeClasspath
org.springframework.boot:spring-boot-starter:2.6.2=runtimeClasspath,testCompileClasspath,testFixturesRuntimeClasspath,testRuntimeClasspath
org.springframework.boot:spring-boot-test-autoconfigure:2.6.2=testCompileClasspath,testRuntimeClasspath
org.springframework.boot:spring-boot-test:2.6.2=testCompileClasspath,testRuntimeClasspath
org.springframework.boot:spring-boot:2.6.2=runtimeClasspath,testCompileClasspath,testFixturesRuntimeClasspath,testRuntimeClasspath
org.springframework.security:spring-security-config:5.6.1=runtimeClasspath,testFixturesRuntimeClasspath,testRuntimeClasspath
org.springframework.security:spring-security-core:5.6.1=runtimeClasspath,testCompileClasspath,testFixturesRuntimeClasspath,testRuntimeClasspath
org.springframework.security:spring-security-crypto:5.6.1=runtimeClasspath,testCompileClasspath,testFixturesRuntimeClasspath,testRuntimeClasspath
org.springframework.security:spring-security-oauth2-client:5.6.1=runtimeClasspath,testFixturesRuntimeClasspath,testRuntimeClasspath
org.springframework.security:spring-security-oauth2-core:5.6.1=runtimeClasspath,testFixturesRuntimeClasspath,testRuntimeClasspath
org.springframework.security:spring-security-oauth2-jose:5.6.1=runtimeClasspath,testFixturesRuntimeClasspath,testRuntimeClasspath
org.springframework.security:spring-security-web:5.6.1=runtimeClasspath,testFixturesRuntimeClasspath,testRuntimeClasspath
org.springframework:spring-aop:5.3.14=runtimeClasspath,testCompileClasspath,testFixturesRuntimeClasspath,testRuntimeClasspath
org.springframework:spring-beans:5.3.14=runtimeClasspath,testCompileClasspath,testFixturesRuntimeClasspath,testRuntimeClasspath
org.springframework:spring-context:5.3.14=runtimeClasspath,testCompileClasspath,testFixturesRuntimeClasspath,testRuntimeClasspath
org.springframework:spring-core:5.3.14=runtimeClasspath,testCompileClasspath,testFixturesRuntimeClasspath,testRuntimeClasspath
org.springframework:spring-expression:5.3.14=runtimeClasspath,testCompileClasspath,testFixturesRuntimeClasspath,testRuntimeClasspath
org.springframework:spring-jcl:5.3.14=runtimeClasspath,testCompileClasspath,testFixturesRuntimeClasspath,testRuntimeClasspath
org.springframework:spring-test:5.3.14=testCompileClasspath,testRuntimeClasspath
org.springframework:spring-web:5.3.14=runtimeClasspath,testCompileClasspath,testFixturesRuntimeClasspath,testRuntimeClasspath
org.springframework:spring-webflux:5.3.14=testCompileClasspath,testRuntimeClasspath
org.springframework:spring-webmvc:5.3.14=runtimeClasspath,testCompileClasspath,testFixturesRuntimeClasspath,testRuntimeClasspath
org.yaml:snakeyaml:1.29=runtimeClasspath,testCompileClasspath,testFixturesRuntimeClasspath,testRuntimeClasspath
empty=errorproneJavac,spotbugsPlugins
