# This is a Gradle generated file for dependency locking.
# Manual edits can break the build and are not advised.
# This file is expected to be part of source control.
antlr:antlr:2.7.7=checkstyle
com.fasterxml.jackson.core:jackson-annotations:2.12.4=testFixturesCompileClasspath,testFixturesRuntimeClasspath,testRuntimeClasspath
com.fasterxml.jackson.core:jackson-core:2.12.4=testFixturesCompileClasspath,testFixturesRuntimeClasspath,testRuntimeClasspath
com.fasterxml.jackson.core:jackson-databind:2.12.4=testFixturesCompileClasspath,testFixturesRuntimeClasspath,testRuntimeClasspath
com.fasterxml.jackson.jaxrs:jackson-jaxrs-base:2.12.4=testFixturesCompileClasspath,testFixturesRuntimeClasspath,testRuntimeClasspath
com.fasterxml.jackson.jaxrs:jackson-jaxrs-json-provider:2.12.4=testFixturesCompileClasspath,testFixturesRuntimeClasspath,testRuntimeClasspath
com.fasterxml.jackson.module:jackson-module-jaxb-annotations:2.12.4=testFixturesCompileClasspath,testFixturesRuntimeClasspath,testRuntimeClasspath
com.fasterxml.jackson:jackson-bom:2.12.4=testFixturesCompileClasspath,testFixturesRuntimeClasspath,testRuntimeClasspath
com.github.ben-manes.caffeine:caffeine:2.8.8=annotationProcessor,errorprone,testAnnotationProcessor,testFixturesAnnotationProcessor
com.github.ben-manes.caffeine:caffeine:2.9.2=testFixturesCompileClasspath,testFixturesRuntimeClasspath,testRuntimeClasspath
com.github.f4b6a3:uuid-creator:3.7.3=compileClasspath,runtimeClasspath,testCompileClasspath,testFixturesRuntimeClasspath,testRuntimeClasspath
com.github.jbellis:jamm:0.3.3=testFixturesCompileClasspath,testFixturesRuntimeClasspath,testRuntimeClasspath
com.github.kevinstern:software-and-algorithms:1.0=annotationProcessor,errorprone,testAnnotationProcessor,testFixturesAnnotationProcessor
com.github.luben:zstd-jni:1.4.5-6=testFixturesCompileClasspath,testFixturesRuntimeClasspath,testRuntimeClasspath
com.github.spotbugs:spotbugs-annotations:4.4.1=spotbugs
com.github.spotbugs:spotbugs:4.4.1=spotbugs
com.google.auto.service:auto-service-annotations:1.0-rc6=annotationProcessor,errorprone,testAnnotationProcessor,testFixturesAnnotationProcessor
com.google.auto.value:auto-value-annotations:1.7=annotationProcessor,errorprone,testAnnotationProcessor,testFixturesAnnotationProcessor
com.google.auto:auto-common:1.1.2=annotationProcessor,errorprone,testAnnotationProcessor,testFixturesAnnotationProcessor
com.google.code.findbugs:jFormatString:3.0.0=annotationProcessor,errorprone,testAnnotationProcessor,testFixturesAnnotationProcessor
com.google.code.findbugs:jsr305:3.0.2=annotationProcessor,checkstyle,compileClasspath,errorprone,spotbugs,testAnnotationProcessor,testFixturesAnnotationProcessor
com.google.code.gson:gson:2.8.8=spotbugs
com.google.errorprone:error_prone_annotation:2.9.0=annotationProcessor,errorprone,testAnnotationProcessor,testFixturesAnnotationProcessor
com.google.errorprone:error_prone_annotations:2.5.1=checkstyle
com.google.errorprone:error_prone_annotations:2.9.0=annotationProcessor,compileClasspath,errorprone,testAnnotationProcessor,testCompileClasspath,testFixturesAnnotationProcessor,testFixturesCompileClasspath
com.google.errorprone:error_prone_check_api:2.9.0=annotationProcessor,errorprone,testAnnotationProcessor,testFixturesAnnotationProcessor
com.google.errorprone:error_prone_core:2.9.0=annotationProcessor,errorprone,testAnnotationProcessor,testFixturesAnnotationProcessor
com.google.errorprone:error_prone_type_annotations:2.9.0=annotationProcessor,errorprone,testAnnotationProcessor,testFixturesAnnotationProcessor
com.google.guava:failureaccess:1.0.1=annotationProcessor,checkstyle,errorprone,testAnnotationProcessor,testFixturesAnnotationProcessor
com.google.guava:guava:30.1.1-jre=annotationProcessor,checkstyle,errorprone,testAnnotationProcessor,testFixturesAnnotationProcessor
com.google.guava:listenablefuture:9999.0-empty-to-avoid-conflict-with-guava=annotationProcessor,checkstyle,errorprone,testAnnotationProcessor,testFixturesAnnotationProcessor
com.google.j2objc:j2objc-annotations:1.3=annotationProcessor,checkstyle,errorprone,testAnnotationProcessor,testFixturesAnnotationProcessor
com.google.protobuf:protobuf-java:3.4.0=annotationProcessor,errorprone,testAnnotationProcessor,testFixturesAnnotationProcessor
com.profesorfalken:WMI4Java:1.6.3=testFixturesCompileClasspath,testFixturesRuntimeClasspath,testRuntimeClasspath
com.profesorfalken:jPowerShell:3.0=testFixturesCompileClasspath,testFixturesRuntimeClasspath,testRuntimeClasspath
com.puppycrawl.tools:checkstyle:8.45.1=checkstyle
com.sun.activation:jakarta.activation:1.2.2=testFixturesRuntimeClasspath,testRuntimeClasspath
com.sun.istack:istack-commons-runtime:3.0.12=testFixturesCompileClasspath,testFixturesRuntimeClasspath,testRuntimeClasspath
com.uber.nullaway:nullaway:0.9.2=annotationProcessor,errorprone,testAnnotationProcessor,testFixturesAnnotationProcessor
commons-beanutils:commons-beanutils:1.9.4=checkstyle,testFixturesCompileClasspath,testFixturesRuntimeClasspath,testRuntimeClasspath
commons-codec:commons-codec:1.15=testFixturesCompileClasspath,testFixturesRuntimeClasspath,testRuntimeClasspath
commons-collections:commons-collections:3.2.2=checkstyle,testFixturesCompileClasspath,testFixturesRuntimeClasspath,testRuntimeClasspath
commons-io:commons-io:2.7=testFixturesCompileClasspath,testFixturesRuntimeClasspath,testRuntimeClasspath
commons-logging:commons-logging:1.2=testFixturesCompileClasspath,testFixturesRuntimeClasspath,testRuntimeClasspath
info.picocli:picocli:4.5.0=testFixturesCompileClasspath,testFixturesRuntimeClasspath,testRuntimeClasspath
info.picocli:picocli:4.6.1=checkstyle
io.github.java-diff-utils:java-diff-utils:4.0=annotationProcessor,errorprone,testAnnotationProcessor,testFixturesAnnotationProcessor
io.netty:netty-all:4.1.67.Final=testFixturesCompileClasspath,testFixturesRuntimeClasspath,testRuntimeClasspath
io.projectreactor:reactor-core:3.4.9=testFixturesCompileClasspath,testFixturesRuntimeClasspath,testRuntimeClasspath
io.vavr:vavr-match:0.10.4=compileClasspath,runtimeClasspath,testCompileClasspath,testFixturesRuntimeClasspath,testRuntimeClasspath
io.vavr:vavr:0.10.4=compileClasspath,runtimeClasspath,testCompileClasspath,testFixturesRuntimeClasspath,testRuntimeClasspath
jakarta.activation:jakarta.activation-api:1.2.2=testFixturesCompileClasspath,testFixturesRuntimeClasspath,testRuntimeClasspath
jakarta.annotation:jakarta.annotation-api:1.3.5=testFixturesCompileClasspath,testFixturesRuntimeClasspath,testRuntimeClasspath
jakarta.validation:jakarta.validation-api:2.0.2=testFixturesCompileClasspath,testFixturesRuntimeClasspath,testRuntimeClasspath
jakarta.ws.rs:jakarta.ws.rs-api:2.1.6=testFixturesCompileClasspath,testFixturesRuntimeClasspath,testRuntimeClasspath
javax.activation:javax.activation-api:1.2.0=testFixturesCompileClasspath,testFixturesRuntimeClasspath,testRuntimeClasspath
javax.servlet:javax.servlet-api:4.0.1=testFixturesCompileClasspath,testFixturesRuntimeClasspath,testRuntimeClasspath
javax.ws.rs:javax.ws.rs-api:2.1.1=testFixturesCompileClasspath,testFixturesRuntimeClasspath,testRuntimeClasspath
javax.xml.bind:jaxb-api:2.3.1=testFixturesCompileClasspath,testFixturesRuntimeClasspath,testRuntimeClasspath
jaxen:jaxen:1.2.0=spotbugs
junit:junit:4.13.2=testFixturesCompileClasspath,testFixturesRuntimeClasspath,testRuntimeClasspath
net.bytebuddy:byte-buddy-agent:1.10.22=testFixturesCompileClasspath,testFixturesRuntimeClasspath,testRuntimeClasspath
net.bytebuddy:byte-buddy:1.10.22=testFixturesCompileClasspath,testFixturesRuntimeClasspath,testRuntimeClasspath
net.java.dev.jna:jna:5.6.0=testFixturesCompileClasspath,testFixturesRuntimeClasspath,testRuntimeClasspath
net.jcip:jcip-annotations:1.0=spotbugs
net.sf.saxon:Saxon-HE:10.5=checkstyle,spotbugs
nl.jqno.equalsverifier:equalsverifier:3.7.1=testCompileClasspath,testRuntimeClasspath
org.antlr:antlr4-runtime:4.9.2=checkstyle
org.apache.bcel:bcel:6.5.0=spotbugs
org.apache.commons:commons-compress:1.20=testFixturesCompileClasspath,testFixturesRuntimeClasspath,testRuntimeClasspath
org.apache.commons:commons-exec:1.3=testFixturesCompileClasspath,testFixturesRuntimeClasspath,testRuntimeClasspath
org.apache.commons:commons-lang3:3.12.0=compileClasspath,runtimeClasspath,spotbugs,testCompileClasspath,testFixturesCompileClasspath,testFixturesRuntimeClasspath,testRuntimeClasspath
org.apache.commons:commons-text:1.9=spotbugs,testFixturesCompileClasspath,testFixturesRuntimeClasspath,testRuntimeClasspath
org.apache.logging.log4j:log4j-api:2.14.1=compileClasspath,runtimeClasspath,testCompileClasspath,testFixturesRuntimeClasspath,testRuntimeClasspath
org.apache.logging.log4j:log4j-core:2.14.1=runtimeClasspath,testFixturesRuntimeClasspath,testRuntimeClasspath
org.apache.logging.log4j:log4j-jul:2.14.1=runtimeClasspath,testFixturesRuntimeClasspath,testRuntimeClasspath
org.apache.logging.log4j:log4j-slf4j-impl:2.14.1=runtimeClasspath,testFixturesRuntimeClasspath,testRuntimeClasspath
org.apache.lucene:lucene-analyzers-common:8.5.1=testFixturesCompileClasspath,testFixturesRuntimeClasspath,testRuntimeClasspath
org.apache.lucene:lucene-backward-codecs:8.5.1=testFixturesCompileClasspath,testFixturesRuntimeClasspath,testRuntimeClasspath
org.apache.lucene:lucene-core:8.5.1=testFixturesCompileClasspath,testFixturesRuntimeClasspath,testRuntimeClasspath
org.apache.lucene:lucene-queryparser:8.5.1=testFixturesCompileClasspath,testFixturesRuntimeClasspath,testRuntimeClasspath
org.apache.shiro:shiro-cache:1.7.1=testFixturesCompileClasspath,testFixturesRuntimeClasspath,testRuntimeClasspath
org.apache.shiro:shiro-config-core:1.7.1=testFixturesCompileClasspath,testFixturesRuntimeClasspath,testRuntimeClasspath
org.apache.shiro:shiro-config-ogdl:1.7.1=testFixturesCompileClasspath,testFixturesRuntimeClasspath,testRuntimeClasspath
org.apache.shiro:shiro-core:1.7.1=testFixturesCompileClasspath,testFixturesRuntimeClasspath,testRuntimeClasspath
org.apache.shiro:shiro-crypto-cipher:1.7.1=testFixturesCompileClasspath,testFixturesRuntimeClasspath,testRuntimeClasspath
org.apache.shiro:shiro-crypto-core:1.7.1=testFixturesCompileClasspath,testFixturesRuntimeClasspath,testRuntimeClasspath
org.apache.shiro:shiro-crypto-hash:1.7.1=testFixturesCompileClasspath,testFixturesRuntimeClasspath,testRuntimeClasspath
org.apache.shiro:shiro-event:1.7.1=testFixturesCompileClasspath,testFixturesRuntimeClasspath,testRuntimeClasspath
org.apache.shiro:shiro-lang:1.7.1=testFixturesCompileClasspath,testFixturesRuntimeClasspath,testRuntimeClasspath
org.apiguardian:apiguardian-api:1.1.0=testFixturesCompileClasspath
org.apiguardian:apiguardian-api:1.1.1=compileClasspath,runtimeClasspath,testCompileClasspath,testFixturesRuntimeClasspath,testRuntimeClasspath
org.assertj:assertj-core:3.19.0=testCompileClasspath,testFixturesCompileClasspath,testFixturesRuntimeClasspath,testRuntimeClasspath
org.awaitility:awaitility:4.0.3=testFixturesCompileClasspath,testFixturesRuntimeClasspath,testRuntimeClasspath
org.bouncycastle:bcpkix-jdk15on:1.68=testFixturesCompileClasspath,testFixturesRuntimeClasspath,testRuntimeClasspath
org.bouncycastle:bcprov-jdk15on:1.68=testFixturesCompileClasspath,testFixturesRuntimeClasspath,testRuntimeClasspath
org.checkerframework:checker-qual:3.18.0=compileClasspath,testCompileClasspath,testFixturesCompileClasspath
org.checkerframework:checker-qual:3.8.0=annotationProcessor,checkstyle,errorprone,testAnnotationProcessor,testFixturesAnnotationProcessor
org.checkerframework:dataflow-errorprone:3.15.0=annotationProcessor,errorprone,testAnnotationProcessor,testFixturesAnnotationProcessor
org.checkerframework:dataflow-nullaway:3.16.0=annotationProcessor,errorprone,testAnnotationProcessor,testFixturesAnnotationProcessor
org.codehaus.jettison:jettison:1.4.1=testFixturesCompileClasspath,testFixturesRuntimeClasspath,testRuntimeClasspath
org.dom4j:dom4j:2.1.3=spotbugs
org.eclipse.collections:eclipse-collections-api:10.3.0=testFixturesCompileClasspath,testFixturesRuntimeClasspath,testRuntimeClasspath
org.eclipse.collections:eclipse-collections:10.3.0=testFixturesCompileClasspath,testFixturesRuntimeClasspath,testRuntimeClasspath
org.eclipse.jetty:jetty-http:9.4.43.v20210629=testFixturesCompileClasspath,testFixturesRuntimeClasspath,testRuntimeClasspath
org.eclipse.jetty:jetty-io:9.4.43.v20210629=testFixturesCompileClasspath,testFixturesRuntimeClasspath,testRuntimeClasspath
org.eclipse.jetty:jetty-security:9.4.43.v20210629=testFixturesCompileClasspath,testFixturesRuntimeClasspath,testRuntimeClasspath
org.eclipse.jetty:jetty-server:9.4.43.v20210629=testFixturesCompileClasspath,testFixturesRuntimeClasspath,testRuntimeClasspath
org.eclipse.jetty:jetty-servlet:9.4.43.v20210629=testFixturesCompileClasspath,testFixturesRuntimeClasspath,testRuntimeClasspath
org.eclipse.jetty:jetty-util-ajax:9.4.43.v20210629=testFixturesCompileClasspath,testFixturesRuntimeClasspath,testRuntimeClasspath
org.eclipse.jetty:jetty-util:9.4.43.v20210629=testFixturesCompileClasspath,testFixturesRuntimeClasspath,testRuntimeClasspath
org.eclipse.jetty:jetty-webapp:9.4.43.v20210629=testFixturesCompileClasspath,testFixturesRuntimeClasspath,testRuntimeClasspath
org.eclipse.jetty:jetty-xml:9.4.43.v20210629=testFixturesCompileClasspath,testFixturesRuntimeClasspath,testRuntimeClasspath
org.eclipse.jgit:org.eclipse.jgit:4.4.1.201607150455-r=annotationProcessor,errorprone,testAnnotationProcessor,testFixturesAnnotationProcessor
org.glassfish.hk2.external:jakarta.inject:2.6.1=testFixturesCompileClasspath,testFixturesRuntimeClasspath,testRuntimeClasspath
org.glassfish.hk2:hk2-api:2.6.1=testFixturesCompileClasspath,testFixturesRuntimeClasspath,testRuntimeClasspath
org.glassfish.hk2:hk2-locator:2.6.1=testFixturesCompileClasspath,testFixturesRuntimeClasspath,testRuntimeClasspath
org.glassfish.hk2:hk2-utils:2.6.1=testFixturesCompileClasspath,testFixturesRuntimeClasspath,testRuntimeClasspath
org.glassfish.hk2:osgi-resource-locator:1.0.3=testFixturesCompileClasspath,testFixturesRuntimeClasspath,testRuntimeClasspath
org.glassfish.jaxb:jaxb-runtime:2.3.5=testFixturesCompileClasspath,testFixturesRuntimeClasspath,testRuntimeClasspath
org.glassfish.jaxb:txw2:2.3.5=testFixturesCompileClasspath,testFixturesRuntimeClasspath,testRuntimeClasspath
org.glassfish.jersey.containers:jersey-container-servlet-core:2.33=testFixturesCompileClasspath,testFixturesRuntimeClasspath,testRuntimeClasspath
org.glassfish.jersey.containers:jersey-container-servlet:2.33=testFixturesCompileClasspath,testFixturesRuntimeClasspath,testRuntimeClasspath
org.glassfish.jersey.core:jersey-client:2.33=testFixturesCompileClasspath,testFixturesRuntimeClasspath,testRuntimeClasspath
org.glassfish.jersey.core:jersey-common:2.33=testFixturesCompileClasspath,testFixturesRuntimeClasspath,testRuntimeClasspath
org.glassfish.jersey.core:jersey-server:2.33=testFixturesCompileClasspath,testFixturesRuntimeClasspath,testRuntimeClasspath
org.glassfish.jersey.inject:jersey-hk2:2.33=testFixturesCompileClasspath,testFixturesRuntimeClasspath,testRuntimeClasspath
org.jacoco:org.jacoco.agent:0.8.7=jacocoAgent,jacocoAnt
org.jacoco:org.jacoco.ant:0.8.7=jacocoAnt
org.jacoco:org.jacoco.core:0.8.7=jacocoAnt
org.jacoco:org.jacoco.report:0.8.7=jacocoAnt
org.javassist:javassist:3.25.0-GA=testFixturesCompileClasspath,testFixturesRuntimeClasspath,testRuntimeClasspath
org.javassist:javassist:3.26.0-GA=checkstyle
org.jctools:jctools-core:3.1.0=testFixturesCompileClasspath,testFixturesRuntimeClasspath,testRuntimeClasspath
org.jprocesses:jProcesses:1.6.5=testFixturesCompileClasspath,testFixturesRuntimeClasspath,testRuntimeClasspath
org.junit.jupiter:junit-jupiter-api:5.7.2=testCompileClasspath,testFixturesCompileClasspath,testFixturesRuntimeClasspath,testRuntimeClasspath
org.junit.jupiter:junit-jupiter-engine:5.7.2=testFixturesRuntimeClasspath,testRuntimeClasspath
org.junit.jupiter:junit-jupiter-params:5.7.2=testCompileClasspath,testFixturesCompileClasspath,testFixturesRuntimeClasspath,testRuntimeClasspath
org.junit.jupiter:junit-jupiter:5.7.2=testFixturesCompileClasspath,testFixturesRuntimeClasspath,testRuntimeClasspath
org.junit.platform:junit-platform-commons:1.7.2=testCompileClasspath,testFixturesCompileClasspath,testFixturesRuntimeClasspath,testRuntimeClasspath
org.junit.platform:junit-platform-engine:1.7.2=testFixturesCompileClasspath,testFixturesRuntimeClasspath,testRuntimeClasspath
org.junit.platform:junit-platform-launcher:1.7.2=testFixturesCompileClasspath,testFixturesRuntimeClasspath,testRuntimeClasspath
org.junit.vintage:junit-vintage-engine:5.7.2=testFixturesCompileClasspath,testFixturesRuntimeClasspath,testRuntimeClasspath
org.junit:junit-bom:5.7.2=spotbugs,testCompileClasspath,testFixturesCompileClasspath,testFixturesRuntimeClasspath,testRuntimeClasspath
org.mockito:mockito-core:3.9.0=testFixturesCompileClasspath,testFixturesRuntimeClasspath,testRuntimeClasspath
org.neo4j.app:neo4j-server:4.2.7=testFixturesCompileClasspath,testFixturesRuntimeClasspath,testRuntimeClasspath
org.neo4j.driver:neo4j-java-driver:4.2.7=compileClasspath,runtimeClasspath,testCompileClasspath,testFixturesCompileClasspath,testFixturesRuntimeClasspath,testRuntimeClasspath
org.neo4j.licensing-proxy:zstd-proxy:4.2.7=testFixturesCompileClasspath,testFixturesRuntimeClasspath,testRuntimeClasspath
org.neo4j.test:neo4j-harness:4.2.7=testFixturesCompileClasspath,testFixturesRuntimeClasspath,testRuntimeClasspath
org.neo4j:annotations:4.2.7=testFixturesCompileClasspath,testFixturesRuntimeClasspath,testRuntimeClasspath
org.neo4j:cypher-ast-factory:4.2.7=testFixturesCompileClasspath,testFixturesRuntimeClasspath,testRuntimeClasspath
org.neo4j:io-test-utils:4.2.7=testFixturesCompileClasspath,testFixturesRuntimeClasspath,testRuntimeClasspath
org.neo4j:neo4j-ast:4.2.7=testFixturesCompileClasspath,testFixturesRuntimeClasspath,testRuntimeClasspath
org.neo4j:neo4j-batch-insert:4.2.7=testFixturesCompileClasspath,testFixturesRuntimeClasspath,testRuntimeClasspath
org.neo4j:neo4j-bolt:4.2.7=testFixturesCompileClasspath,testFixturesRuntimeClasspath,testRuntimeClasspath
org.neo4j:neo4j-codegen:4.2.7=testFixturesCompileClasspath,testFixturesRuntimeClasspath,testRuntimeClasspath
org.neo4j:neo4j-collections:4.2.7=testFixturesCompileClasspath,testFixturesRuntimeClasspath,testRuntimeClasspath
org.neo4j:neo4j-command-line:4.2.7=testFixturesCompileClasspath,testFixturesRuntimeClasspath,testRuntimeClasspath
org.neo4j:neo4j-common:4.2.7=testFixturesCompileClasspath,testFixturesRuntimeClasspath,testRuntimeClasspath
org.neo4j:neo4j-concurrent:4.2.7=testFixturesCompileClasspath,testFixturesRuntimeClasspath,testRuntimeClasspath
org.neo4j:neo4j-configuration:4.2.7=testFixturesCompileClasspath,testFixturesRuntimeClasspath,testRuntimeClasspath
org.neo4j:neo4j-consistency-check:4.2.7=testFixturesCompileClasspath,testFixturesRuntimeClasspath,testRuntimeClasspath
org.neo4j:neo4j-csv:4.2.7=testFixturesCompileClasspath,testFixturesRuntimeClasspath,testRuntimeClasspath
org.neo4j:neo4j-cypher-ast-factory:4.2.7=testFixturesCompileClasspath,testFixturesRuntimeClasspath,testRuntimeClasspath
org.neo4j:neo4j-cypher-dsl:2021.2.3=compileClasspath,runtimeClasspath,testCompileClasspath,testFixturesRuntimeClasspath,testRuntimeClasspath
org.neo4j:neo4j-cypher-expression-evaluator:4.2.7=testFixturesCompileClasspath,testFixturesRuntimeClasspath,testRuntimeClasspath
org.neo4j:neo4j-cypher-interpreted-runtime:4.2.7=testFixturesCompileClasspath,testFixturesRuntimeClasspath,testRuntimeClasspath
org.neo4j:neo4j-cypher-ir:4.2.7=testFixturesCompileClasspath,testFixturesRuntimeClasspath,testRuntimeClasspath
org.neo4j:neo4j-cypher-javacc-parser:4.2.7=testFixturesCompileClasspath,testFixturesRuntimeClasspath,testRuntimeClasspath
org.neo4j:neo4j-cypher-logical-plans:4.2.7=testFixturesCompileClasspath,testFixturesRuntimeClasspath,testRuntimeClasspath
org.neo4j:neo4j-cypher-macros:4.2.7=testFixturesCompileClasspath,testFixturesRuntimeClasspath,testRuntimeClasspath
org.neo4j:neo4j-cypher-planner-spi:4.2.7=testFixturesCompileClasspath,testFixturesRuntimeClasspath,testRuntimeClasspath
org.neo4j:neo4j-cypher-planner:4.2.7=testFixturesCompileClasspath,testFixturesRuntimeClasspath,testRuntimeClasspath
org.neo4j:neo4j-cypher-runtime-util:4.2.7=testFixturesCompileClasspath,testFixturesRuntimeClasspath,testRuntimeClasspath
org.neo4j:neo4j-cypher:4.2.7=testFixturesCompileClasspath,testFixturesRuntimeClasspath,testRuntimeClasspath
org.neo4j:neo4j-data-collector:4.2.7=testFixturesCompileClasspath,testFixturesRuntimeClasspath,testRuntimeClasspath
org.neo4j:neo4j-dbms:4.2.7=testFixturesCompileClasspath,testFixturesRuntimeClasspath,testRuntimeClasspath
org.neo4j:neo4j-diagnostics:4.2.7=testFixturesCompileClasspath,testFixturesRuntimeClasspath,testRuntimeClasspath
org.neo4j:neo4j-exceptions:4.2.7=testFixturesCompileClasspath,testFixturesRuntimeClasspath,testRuntimeClasspath
org.neo4j:neo4j-expressions:4.2.7=testFixturesCompileClasspath,testFixturesRuntimeClasspath,testRuntimeClasspath
org.neo4j:neo4j-fabric:4.2.7=testFixturesCompileClasspath,testFixturesRuntimeClasspath,testRuntimeClasspath
org.neo4j:neo4j-front-end:4.2.7=testFixturesCompileClasspath,testFixturesRuntimeClasspath,testRuntimeClasspath
org.neo4j:neo4j-fulltext-index:4.2.7=testFixturesCompileClasspath,testFixturesRuntimeClasspath,testRuntimeClasspath
org.neo4j:neo4j-graph-algo:4.2.7=testFixturesCompileClasspath,testFixturesRuntimeClasspath,testRuntimeClasspath
org.neo4j:neo4j-graphdb-api:4.2.7=testFixturesCompileClasspath,testFixturesRuntimeClasspath,testRuntimeClasspath
org.neo4j:neo4j-id-generator:4.2.7=testFixturesCompileClasspath,testFixturesRuntimeClasspath,testRuntimeClasspath
org.neo4j:neo4j-import-tool:4.2.7=testFixturesCompileClasspath,testFixturesRuntimeClasspath,testRuntimeClasspath
org.neo4j:neo4j-import-util:4.2.7=testFixturesCompileClasspath,testFixturesRuntimeClasspath,testRuntimeClasspath
org.neo4j:neo4j-index:4.2.7=testFixturesCompileClasspath,testFixturesRuntimeClasspath,testRuntimeClasspath
org.neo4j:neo4j-io:4.2.7=testFixturesCompileClasspath,testFixturesRuntimeClasspath,testRuntimeClasspath
org.neo4j:neo4j-kernel-api:4.2.7=testFixturesCompileClasspath,testFixturesRuntimeClasspath,testRuntimeClasspath
org.neo4j:neo4j-kernel:4.2.7=testFixturesCompileClasspath,testFixturesRuntimeClasspath,testRuntimeClasspath
org.neo4j:neo4j-label-index:4.2.7=testFixturesCompileClasspath,testFixturesRuntimeClasspath,testRuntimeClasspath
org.neo4j:neo4j-layout:4.2.7=testFixturesCompileClasspath,testFixturesRuntimeClasspath,testRuntimeClasspath
org.neo4j:neo4j-lock:4.2.7=testFixturesCompileClasspath,testFixturesRuntimeClasspath,testRuntimeClasspath
org.neo4j:neo4j-logging:4.2.7=testFixturesCompileClasspath,testFixturesRuntimeClasspath,testRuntimeClasspath
org.neo4j:neo4j-lucene-index:4.2.7=testFixturesCompileClasspath,testFixturesRuntimeClasspath,testRuntimeClasspath
org.neo4j:neo4j-monitoring:4.2.7=testFixturesCompileClasspath,testFixturesRuntimeClasspath,testRuntimeClasspath
org.neo4j:neo4j-native:4.2.7=testFixturesCompileClasspath,testFixturesRuntimeClasspath,testRuntimeClasspath
org.neo4j:neo4j-parser:4.2.7=testFixturesCompileClasspath,testFixturesRuntimeClasspath,testRuntimeClasspath
org.neo4j:neo4j-procedure-api:4.2.7=testFixturesCompileClasspath,testFixturesRuntimeClasspath,testRuntimeClasspath
org.neo4j:neo4j-procedure:4.2.7=testFixturesCompileClasspath,testFixturesRuntimeClasspath,testRuntimeClasspath
org.neo4j:neo4j-record-storage-engine:4.2.7=testFixturesCompileClasspath,testFixturesRuntimeClasspath,testRuntimeClasspath
org.neo4j:neo4j-resource:4.2.7=testFixturesCompileClasspath,testFixturesRuntimeClasspath,testRuntimeClasspath
org.neo4j:neo4j-rewriting:4.2.7=testFixturesCompileClasspath,testFixturesRuntimeClasspath,testRuntimeClasspath
org.neo4j:neo4j-schema:4.2.7=testFixturesCompileClasspath,testFixturesRuntimeClasspath,testRuntimeClasspath
org.neo4j:neo4j-security:4.2.7=testFixturesCompileClasspath,testFixturesRuntimeClasspath,testRuntimeClasspath
org.neo4j:neo4j-spatial-index:4.2.7=testFixturesCompileClasspath,testFixturesRuntimeClasspath,testRuntimeClasspath
org.neo4j:neo4j-ssl:4.2.7=testFixturesCompileClasspath,testFixturesRuntimeClasspath,testRuntimeClasspath
org.neo4j:neo4j-storage-engine-api:4.2.7=testFixturesCompileClasspath,testFixturesRuntimeClasspath,testRuntimeClasspath
org.neo4j:neo4j-token-api:4.2.7=testFixturesCompileClasspath,testFixturesRuntimeClasspath,testRuntimeClasspath
org.neo4j:neo4j-unsafe:4.2.7=testFixturesCompileClasspath,testFixturesRuntimeClasspath,testRuntimeClasspath
org.neo4j:neo4j-util:4.2.7=testFixturesCompileClasspath,testFixturesRuntimeClasspath,testRuntimeClasspath
org.neo4j:neo4j-values:4.2.7=testFixturesCompileClasspath,testFixturesRuntimeClasspath,testRuntimeClasspath
org.neo4j:neo4j-wal:4.2.7=testFixturesCompileClasspath,testFixturesRuntimeClasspath,testRuntimeClasspath
org.neo4j:neo4j:4.2.7=testFixturesCompileClasspath,testFixturesRuntimeClasspath,testRuntimeClasspath
org.neo4j:server-api:4.2.7=testFixturesCompileClasspath,testFixturesRuntimeClasspath,testRuntimeClasspath
org.neo4j:test-utils:4.2.7=testFixturesCompileClasspath,testFixturesRuntimeClasspath,testRuntimeClasspath
org.objenesis:objenesis:3.2=testFixturesCompileClasspath,testFixturesRuntimeClasspath,testRuntimeClasspath
org.opentest4j:opentest4j:1.2.0=testCompileClasspath,testFixturesCompileClasspath,testFixturesRuntimeClasspath,testRuntimeClasspath
org.ow2.asm:asm-analysis:8.0.1=testFixturesCompileClasspath,testFixturesRuntimeClasspath,testRuntimeClasspath
org.ow2.asm:asm-analysis:9.1=jacocoAnt
org.ow2.asm:asm-analysis:9.2=spotbugs
org.ow2.asm:asm-commons:9.1=jacocoAnt
org.ow2.asm:asm-commons:9.2=spotbugs
org.ow2.asm:asm-tree:8.0.1=testFixturesCompileClasspath,testFixturesRuntimeClasspath,testRuntimeClasspath
org.ow2.asm:asm-tree:9.1=jacocoAnt
org.ow2.asm:asm-tree:9.2=spotbugs
org.ow2.asm:asm-util:8.0.1=testFixturesCompileClasspath,testFixturesRuntimeClasspath,testRuntimeClasspath
org.ow2.asm:asm-util:9.2=spotbugs
org.ow2.asm:asm:8.0.1=testFixturesCompileClasspath,testFixturesRuntimeClasspath,testRuntimeClasspath
org.ow2.asm:asm:9.1=jacocoAnt
org.ow2.asm:asm:9.2=spotbugs
org.parboiled:parboiled-core:1.2.0=testFixturesCompileClasspath,testFixturesRuntimeClasspath,testRuntimeClasspath
org.parboiled:parboiled-scala_2.12:1.2.0=testFixturesCompileClasspath,testFixturesRuntimeClasspath,testRuntimeClasspath
org.pcollections:pcollections:2.1.2=annotationProcessor,errorprone,testAnnotationProcessor,testFixturesAnnotationProcessor
org.reactivestreams:reactive-streams:1.0.3=compileClasspath,runtimeClasspath,testCompileClasspath,testFixturesCompileClasspath,testFixturesRuntimeClasspath,testRuntimeClasspath
org.reflections:reflections:0.9.12=checkstyle
org.scala-lang:scala-library:2.12.10=testFixturesCompileClasspath,testFixturesRuntimeClasspath,testRuntimeClasspath
org.scala-lang:scala-reflect:2.12.10=testFixturesCompileClasspath,testFixturesRuntimeClasspath,testRuntimeClasspath
org.slf4j:jul-to-slf4j:1.7.32=runtimeClasspath,testFixturesRuntimeClasspath,testRuntimeClasspath
org.slf4j:slf4j-api:1.7.32=compileClasspath,runtimeClasspath,testCompileClasspath,testFixturesCompileClasspath,testFixturesRuntimeClasspath,testRuntimeClasspath
org.slf4j:slf4j-api:1.8.0-beta4=spotbugs,spotbugsSlf4j
org.slf4j:slf4j-simple:1.8.0-beta4=spotbugsSlf4j
org.springframework.boot:spring-boot-autoconfigure:2.5.4=testFixturesCompileClasspath,testFixturesRuntimeClasspath,testRuntimeClasspath
org.springframework.boot:spring-boot-starter-log4j2:2.5.4=runtimeClasspath,testFixturesRuntimeClasspath,testRuntimeClasspath
org.springframework.boot:spring-boot-starter-parent:2.5.4=compileClasspath,runtimeClasspath,testCompileClasspath,testFixturesCompileClasspath,testFixturesRuntimeClasspath,testRuntimeClasspath
org.springframework.boot:spring-boot-test-autoconfigure:2.5.4=testFixturesCompileClasspath,testFixturesRuntimeClasspath,testRuntimeClasspath
org.springframework.boot:spring-boot-test:2.5.4=testFixturesCompileClasspath,testFixturesRuntimeClasspath,testRuntimeClasspath
org.springframework.boot:spring-boot:2.5.4=testFixturesCompileClasspath,testFixturesRuntimeClasspath,testRuntimeClasspath
org.springframework.data:spring-data-commons:2.5.4=compileClasspath,runtimeClasspath,testCompileClasspath,testFixturesRuntimeClasspath,testRuntimeClasspath
org.springframework.data:spring-data-neo4j:6.1.4=compileClasspath,runtimeClasspath,testCompileClasspath,testFixturesRuntimeClasspath,testRuntimeClasspath
org.springframework:spring-aop:5.3.9=compileClasspath,runtimeClasspath,testCompileClasspath,testFixturesCompileClasspath,testFixturesRuntimeClasspath,testRuntimeClasspath
org.springframework:spring-beans:5.3.9=compileClasspath,runtimeClasspath,testCompileClasspath,testFixturesCompileClasspath,testFixturesRuntimeClasspath,testRuntimeClasspath
org.springframework:spring-context:5.3.9=compileClasspath,runtimeClasspath,testCompileClasspath,testFixturesCompileClasspath,testFixturesRuntimeClasspath,testRuntimeClasspath
org.springframework:spring-core:5.3.9=compileClasspath,runtimeClasspath,testCompileClasspath,testFixturesCompileClasspath,testFixturesRuntimeClasspath,testRuntimeClasspath
org.springframework:spring-expression:5.3.9=compileClasspath,runtimeClasspath,testCompileClasspath,testFixturesCompileClasspath,testFixturesRuntimeClasspath,testRuntimeClasspath
org.springframework:spring-jcl:5.3.9=compileClasspath,runtimeClasspath,testCompileClasspath,testFixturesCompileClasspath,testFixturesRuntimeClasspath,testRuntimeClasspath
org.springframework:spring-test:5.3.9=testFixturesCompileClasspath,testFixturesRuntimeClasspath,testRuntimeClasspath
org.springframework:spring-tx:5.3.9=compileClasspath,runtimeClasspath,testCompileClasspath,testFixturesRuntimeClasspath,testRuntimeClasspath
empty=errorproneJavac,spotbugsPlugins
